{
  "originHash" : "afdb9176bad530ecccda14544f2202fb172cbd58bcdde9e5cb0f1e0f8f091fde",
  "pins" : [
    {
      "identity" : "secretive",
      "kind" : "remoteSourceControl",
      "location" : "https://github.com/maxgoedjen/secretive",
      "state" : {
        "branch" : "layout",
        "revision" : "10198f9e547423ebb290ced47d793d0c6f2501f7"
      }
    }
  ],
  "version" : 3
}
